
Microsoft Visual Studio Solution File, Format Version 12.00
# Visual Studio Version 17
VisualStudioVersion = 17.0.31912.275
MinimumVisualStudioVersion = 10.0.40219.1
Project("{FAE04EC0-301F-11D3-BF4B-00C04F79EFBC}") = "StrongTogether", "StrongTogether\StrongTogether.csproj", "{999CBA22-8390-43D6-B140-34F8534F38B7}"
EndProject
Global
	GlobalSection(SolutionConfigurationPlatforms) = preSolution
		Debug|Any CPU = Debug|Any CPU
		Release|Any CPU = Release|Any CPU
	EndGlobalSection
	GlobalSection(ProjectConfigurationPlatforms) = postSolution
		{999CBA22-8390-43D6-B140-34F8534F38B7}.Debug|Any CPU.ActiveCfg = Debug|Any CPU
		{999CBA22-8390-43D6-B140-34F8534F38B7}.Debug|Any CPU.Build.0 = Debug|Any CPU
		{999CBA22-8390-43D6-B140-34F8534F38B7}.Release|Any CPU.ActiveCfg = Release|Any CPU
		{999CBA22-8390-43D6-B140-34F8534F38B7}.Release|Any CPU.Build.0 = Release|Any CPU
	EndGlobalSection
	GlobalSection(SolutionProperties) = preSolution
		HideSolutionNode = FALSE
	EndGlobalSection
	GlobalSection(ExtensibilityGlobals) = postSolution
		SolutionGuid = {160E3A96-3921-404E-BBCA-24A9C00F2D9C}
	EndGlobalSection
EndGlobal
